
Microsoft Visual Studio Solution File, Format Version 12.00
# Visual Studio Version 17
VisualStudioVersion = 17.14.35906.104 d17.14
MinimumVisualStudioVersion = 10.0.40219.1
Project("{8BC9CEB8-8B4A-11D0-8D11-00A0C91BC942}") = "Minesweeper", "Minesweeper\Minesweeper.vcxproj", "{EA706283-2118-4163-B9E0-FD94501FA2A4}"
EndProject
Global
	GlobalSection(SolutionConfigurationPlatforms) = preSolution
		Debug|x64 = Debug|x64
		Release|x64 = Release|x64
	EndGlobalSection
	GlobalSection(ProjectConfigurationPlatforms) = postSolution
		{EA706283-2118-4163-B9E0-FD94501FA2A4}.Debug|x64.ActiveCfg = Debug|x64
		{EA706283-2118-4163-B9E0-FD94501FA2A4}.Debug|x64.Build.0 = Debug|x64
		{EA706283-2118-4163-B9E0-FD94501FA2A4}.Release|x64.ActiveCfg = Release|x64
		{EA706283-2118-4163-B9E0-FD94501FA2A4}.Release|x64.Build.0 = Release|x64
	EndGlobalSection
	GlobalSection(SolutionProperties) = preSolution
		HideSolutionNode = FALSE
	EndGlobalSection
	GlobalSection(ExtensibilityGlobals) = postSolution
		SolutionGuid = {178AA496-6316-4B67-A792-C827C27831FB}
	EndGlobalSection
EndGlobal
